// !$*UTF8*$!
{
	archiveVersion = 1;
	classes = {
	};
	objectVersion = 55;
	objects = {

/* Begin PBXBuildFile section */
		D673E32690490D26AB81BFBC /* libPods-tryLottie.a in Frameworks */ = {isa = PBXBuildFile; fileRef = D3B8549D61971806F4F2DF5B /* libPods-tryLottie.a */; };
		EC12580D28BA2994007F3A93 /* AppDelegate.swift in Sources */ = {isa = PBXBuildFile; fileRef = EC12580C28BA2994007F3A93 /* AppDelegate.swift */; };
		EC12580F28BA2994007F3A93 /* SceneDelegate.swift in Sources */ = {isa = PBXBuildFile; fileRef = EC12580E28BA2994007F3A93 /* SceneDelegate.swift */; };
		EC12581128BA2994007F3A93 /* ViewController.swift in Sources */ = {isa = PBXBuildFile; fileRef = EC12581028BA2994007F3A93 /* ViewController.swift */; };
		EC12581428BA2995007F3A93 /* Main.storyboard in Resources */ = {isa = PBXBuildFile; fileRef = EC12581228BA2994007F3A93 /* Main.storyboard */; };
		EC12581628BA2997007F3A93 /* Assets.xcassets in Resources */ = {isa = PBXBuildFile; fileRef = EC12581528BA2997007F3A93 /* Assets.xcassets */; };
		EC12581928BA2997007F3A93 /* LaunchScreen.storyboard in Resources */ = {isa = PBXBuildFile; fileRef = EC12581728BA2997007F3A93 /* LaunchScreen.storyboard */; };
		ECAD493A28BA31A00080CA8F /* dollarDonation.json in Resources */ = {isa = PBXBuildFile; fileRef = ECAD493928BA31A00080CA8F /* dollarDonation.json */; };
		ECAD494028BA4F2A0080CA8F /* README.md in Resources */ = {isa = PBXBuildFile; fileRef = ECAD493F28BA4F2A0080CA8F /* README.md */; };
/* End PBXBuildFile section */

/* Begin PBXFileReference section */
		21C3FC5B0E5482DF8CC3F13C /* Pods-tryLottie.debug.xcconfig */ = {isa = PBXFileReference; includeInIndex = 1; lastKnownFileType = text.xcconfig; name = "Pods-tryLottie.debug.xcconfig"; path = "Target Support Files/Pods-tryLottie/Pods-tryLottie.debug.xcconfig"; sourceTree = "<group>"; };
		D3B8549D61971806F4F2DF5B /* libPods-tryLottie.a */ = {isa = PBXFileReference; explicitFileType = archive.ar; includeInIndex = 0; path = "libPods-tryLottie.a"; sourceTree = BUILT_PRODUCTS_DIR; };
		EC12580928BA2994007F3A93 /* tryLottie.app */ = {isa = PBXFileReference; explicitFileType = wrapper.application; includeInIndex = 0; path = tryLottie.app; sourceTree = BUILT_PRODUCTS_DIR; };
		EC12580C28BA2994007F3A93 /* AppDelegate.swift */ = {isa = PBXFileReference; lastKnownFileType = sourcecode.swift; path = AppDelegate.swift; sourceTree = "<group>"; };
		EC12580E28BA2994007F3A93 /* SceneDelegate.swift */ = {isa = PBXFileReference; lastKnownFileType = sourcecode.swift; path = SceneDelegate.swift; sourceTree = "<group>"; };
		EC12581028BA2994007F3A93 /* ViewController.swift */ = {isa = PBXFileReference; lastKnownFileType = sourcecode.swift; path = ViewController.swift; sourceTree = "<group>"; };
		EC12581328BA2994007F3A93 /* Base */ = {isa = PBXFileReference; lastKnownFileType = file.storyboard; name = Base; path = Base.lproj/Main.storyboard; sourceTree = "<group>"; };
		EC12581528BA2997007F3A93 /* Assets.xcassets */ = {isa = PBXFileReference; lastKnownFileType = folder.assetcatalog; path = Assets.xcassets; sourceTree = "<group>"; };
		EC12581828BA2997007F3A93 /* Base */ = {isa = PBXFileReference; lastKnownFileType = file.storyboard; name = Base; path = Base.lproj/LaunchScreen.storyboard; sourceTree = "<group>"; };
		EC12581A28BA2997007F3A93 /* Info.plist */ = {isa = PBXFileReference; lastKnownFileType = text.plist.xml; path = Info.plist; sourceTree = "<group>"; };
		ECAD493928BA31A00080CA8F /* dollarDonation.json */ = {isa = PBXFileReference; fileEncoding = 4; lastKnownFileType = text.json; path = dollarDonation.json; sourceTree = "<group>"; };
		ECAD493F28BA4F2A0080CA8F /* README.md */ = {isa = PBXFileReference; lastKnownFileType = net.daringfireball.markdown; path = README.md; sourceTree = "<group>"; };
		F7DAD80FC669FE93E87A7196 /* Pods-tryLottie.release.xcconfig */ = {isa = PBXFileReference; includeInIndex = 1; lastKnownFileType = text.xcconfig; name = "Pods-tryLottie.release.xcconfig"; path = "Target Support Files/Pods-tryLottie/Pods-tryLottie.release.xcconfig"; sourceTree = "<group>"; };
/* End PBXFileReference section */

/* Begin PBXFrameworksBuildPhase section */
		EC12580628BA2994007F3A93 /* Frameworks */ = {
			isa = PBXFrameworksBuildPhase;
			buildActionMask = 2147483647;
			files = (
				D673E32690490D26AB81BFBC /* libPods-tryLottie.a in Frameworks */,
			);
			runOnlyForDeploymentPostprocessing = 0;
		};
/* End PBXFrameworksBuildPhase section */

/* Begin PBXGroup section */
		0335D6619AD5785AD2B972EF /* Pods */ = {
			isa = PBXGroup;
			children = (
				21C3FC5B0E5482DF8CC3F13C /* Pods-tryLottie.debug.xcconfig */,
				F7DAD80FC669FE93E87A7196 /* Pods-tryLottie.release.xcconfig */,
			);
			path = Pods;
			sourceTree = "<group>";
		};
		5464676C4991950A19BFF596 /* Frameworks */ = {
			isa = PBXGroup;
			children = (
				D3B8549D61971806F4F2DF5B /* libPods-tryLottie.a */,
			);
			name = Frameworks;
			sourceTree = "<group>";
		};
		EC12580028BA2994007F3A93 = {
			isa = PBXGroup;
			children = (
				ECAD493F28BA4F2A0080CA8F /* README.md */,
				EC12580B28BA2994007F3A93 /* tryLottie */,
				EC12580A28BA2994007F3A93 /* Products */,
				0335D6619AD5785AD2B972EF /* Pods */,
				5464676C4991950A19BFF596 /* Frameworks */,
			);
			sourceTree = "<group>";
		};
		EC12580A28BA2994007F3A93 /* Products */ = {
			isa = PBXGroup;
			children = (
				EC12580928BA2994007F3A93 /* tryLottie.app */,
			);
			name = Products;
			sourceTree = "<group>";
		};
		EC12580B28BA2994007F3A93 /* tryLottie */ = {
			isa = PBXGroup;
			children = (
				ECAD493928BA31A00080CA8F /* dollarDonation.json */,
				EC12580C28BA2994007F3A93 /* AppDelegate.swift */,
				EC12580E28BA2994007F3A93 /* SceneDelegate.swift */,
				EC12581028BA2994007F3A93 /* ViewController.swift */,
				EC12581228BA2994007F3A93 /* Main.storyboard */,
				EC12581528BA2997007F3A93 /* Assets.xcassets */,
				EC12581728BA2997007F3A93 /* LaunchScreen.storyboard */,
				EC12581A28BA2997007F3A93 /* Info.plist */,
			);
			path = tryLottie;
			sourceTree = "<group>";
		};
/* End PBXGroup section */

/* Begin PBXNativeTarget section */
		EC12580828BA2994007F3A93 /* tryLottie */ = {
			isa = PBXNativeTarget;
			buildConfigurationList = EC12581D28BA2997007F3A93 /* Build configuration list for PBXNativeTarget "tryLottie" */;
			buildPhases = (
				136BEE9E364C98E58E363ACC /* [CP] Check Pods Manifest.lock */,
				EC12580528BA2994007F3A93 /* Sources */,
				EC12580628BA2994007F3A93 /* Frameworks */,
				EC12580728BA2994007F3A93 /* Resources */,
			);
			buildRules = (
			);
			dependencies = (
			);
			name = tryLottie;
			productName = tryLottie;
			productReference = EC12580928BA2994007F3A93 /* tryLottie.app */;
			productType = "com.apple.product-type.application";
		};
/* End PBXNativeTarget section */

/* Begin PBXProject section */
		EC12580128BA2994007F3A93 /* Project object */ = {
			isa = PBXProject;
			attributes = {
				BuildIndependentTargetsInParallel = 1;
				LastSwiftUpdateCheck = 1340;
				LastUpgradeCheck = 1340;
				TargetAttributes = {
					EC12580828BA2994007F3A93 = {
						CreatedOnToolsVersion = 13.4.1;
					};
				};
			};
			buildConfigurationList = EC12580428BA2994007F3A93 /* Build configuration list for PBXProject "tryLottie" */;
			compatibilityVersion = "Xcode 13.0";
			developmentRegion = en;
			hasScannedForEncodings = 0;
			knownRegions = (
				en,
				Base,
			);
			mainGroup = EC12580028BA2994007F3A93;
			productRefGroup = EC12580A28BA2994007F3A93 /* Products */;
			projectDirPath = "";
			projectRoot = "";
			targets = (
				EC12580828BA2994007F3A93 /* tryLottie */,
			);
		};
/* End PBXProject section */

/* Begin PBXResourcesBuildPhase section */
		EC12580728BA2994007F3A93 /* Resources */ = {
			isa = PBXResourcesBuildPhase;
			buildActionMask = 2147483647;
			files = (
				ECAD493A28BA31A00080CA8F /* dollarDonation.json in Resources */,
				EC12581928BA2997007F3A93 /* LaunchScreen.storyboard in Resources */,
				ECAD494028BA4F2A0080CA8F /* README.md in Resources */,
				EC12581628BA2997007F3A93 /* Assets.xcassets in Resources */,
				EC12581428BA2995007F3A93 /* Main.storyboard in Resources */,
			);
			runOnlyForDeploymentPostprocessing = 0;
		};
/* End PBXResourcesBuildPhase section */

/* Begin PBXShellScriptBuildPhase section */
		136BEE9E364C98E58E363ACC /* [CP] Check Pods Manifest.lock */ = {
			isa = PBXShellScriptBuildPhase;
			buildActionMask = 2147483647;
			files = (
			);
			inputFileListPaths = (
			);
			inputPaths = (
				"${PODS_PODFILE_DIR_PATH}/Podfile.lock",
				"${PODS_ROOT}/Manifest.lock",
			);
			name = "[CP] Check Pods Manifest.lock";
			outputFileListPaths = (
			);
			outputPaths = (
				"$(DERIVED_FILE_DIR)/Pods-tryLottie-checkManifestLockResult.txt",
			);
			runOnlyForDeploymentPostprocessing = 0;
			shellPath = /bin/sh;
			shellScript = "diff \"${PODS_PODFILE_DIR_PATH}/Podfile.lock\" \"${PODS_ROOT}/Manifest.lock\" > /dev/null\nif [ $? != 0 ] ; then\n    # print error to STDERR\n    echo \"error: The sandbox is not in sync with the Podfile.lock. Run 'pod install' or update your CocoaPods installation.\" >&2\n    exit 1\nfi\n# This output is used by Xcode 'outputs' to avoid re-running this script phase.\necho \"SUCCESS\" > \"${SCRIPT_OUTPUT_FILE_0}\"\n";
			showEnvVarsInLog = 0;
		};
/* End PBXShellScriptBuildPhase section */

/* Begin PBXSourcesBuildPhase section */
		EC12580528BA2994007F3A93 /* Sources */ = {
			isa = PBXSourcesBuildPhase;
			buildActionMask = 2147483647;
			files = (
				EC12581128BA2994007F3A93 /* ViewController.swift in Sources */,
				EC12580D28BA2994007F3A93 /* AppDelegate.swift in Sources */,
				EC12580F28BA2994007F3A93 /* SceneDelegate.swift in Sources */,
			);
			runOnlyForDeploymentPostprocessing = 0;
		};
/* End PBXSourcesBuildPhase section */

/* Begin PBXVariantGroup section */
		EC12581228BA2994007F3A93 /* Main.storyboard */ = {
			isa = PBXVariantGroup;
			children = (
				EC12581328BA2994007F3A93 /* Base */,
			);
			name = Main.storyboard;
			sourceTree = "<group>";
		};
		EC12581728BA2997007F3A93 /* LaunchScreen.storyboard */ = {
			isa = PBXVariantGroup;
			children = (
				EC12581828BA2997007F3A93 /* Base */,
			);
			name = LaunchScreen.storyboard;
			sourceTree = "<group>";
		};
/* End PBXVariantGroup section */

/* Begin XCBuildConfiguration section */
		EC12581B28BA2997007F3A93 /* Debug */ = {
			isa = XCBuildConfiguration;
			buildSettings = {
				ALWAYS_SEARCH_USER_PATHS = NO;
				CLANG_ANALYZER_NONNULL = YES;
				CLANG_ANALYZER_NUMBER_OBJECT_CONVERSION = YES_AGGRESSIVE;
				CLANG_CXX_LANGUAGE_STANDARD = "gnu++17";
				CLANG_ENABLE_MODULES = YES;
				CLANG_ENABLE_OBJC_ARC = YES;
				CLANG_ENABLE_OBJC_WEAK = YES;
				CLANG_WARN_BLOCK_CAPTURE_AUTORELEASING = YES;
				CLANG_WARN_BOOL_CONVERSION = YES;
				CLANG_WARN_COMMA = YES;
				CLANG_WARN_CONSTANT_CONVERSION = YES;
				CLANG_WARN_DEPRECATED_OBJC_IMPLEMENTATIONS = YES;
				CLANG_WARN_DIRECT_OBJC_ISA_USAGE = YES_ERROR;
				CLANG_WARN_DOCUMENTATION_COMMENTS = YES;
				CLANG_WARN_EMPTY_BODY = YES;
				CLANG_WARN_ENUM_CONVERSION = YES;
				CLANG_WARN_INFINITE_RECURSION = YES;
				CLANG_WARN_INT_CONVERSION = YES;
				CLANG_WARN_NON_LITERAL_NULL_CONVERSION = YES;
				CLANG_WARN_OBJC_IMPLICIT_RETAIN_SELF = YES;
				CLANG_WARN_OBJC_LITERAL_CONVERSION = YES;
				CLANG_WARN_OBJC_ROOT_CLASS = YES_ERROR;
				CLANG_WARN_QUOTED_INCLUDE_IN_FRAMEWORK_HEADER = YES;
				CLANG_WARN_RANGE_LOOP_ANALYSIS = YES;
				CLANG_WARN_STRICT_PROTOTYPES = YES;
				CLANG_WARN_SUSPICIOUS_MOVE = YES;
				CLANG_WARN_UNGUARDED_AVAILABILITY = YES_AGGRESSIVE;
				CLANG_WARN_UNREACHABLE_CODE = YES;
				CLANG_WARN__DUPLICATE_METHOD_MATCH = YES;
				COPY_PHASE_STRIP = NO;
				DEBUG_INFORMATION_FORMAT = dwarf;
				ENABLE_STRICT_OBJC_MSGSEND = YES;
				ENABLE_TESTABILITY = YES;
				GCC_C_LANGUAGE_STANDARD = gnu11;
				GCC_DYNAMIC_NO_PIC = NO;
				GCC_NO_COMMON_BLOCKS = YES;
				GCC_OPTIMIZATION_LEVEL = 0;
				GCC_PREPROCESSOR_DEFINITIONS = (
					"DEBUG=1",
					"$(inherited)",
				);
				GCC_WARN_64_TO_32_BIT_CONVERSION = YES;
				GCC_WARN_ABOUT_RETURN_TYPE = YES_ERROR;
				GCC_WARN_UNDECLARED_SELECTOR = YES;
				GCC_WARN_UNINITIALIZED_AUTOS = YES_AGGRESSIVE;
				GCC_WARN_UNUSED_FUNCTION = YES;
				GCC_WARN_UNUSED_VARIABLE = YES;
				IPHONEOS_DEPLOYMENT_TARGET = 15.5;
				MTL_ENABLE_DEBUG_INFO = INCLUDE_SOURCE;
				MTL_FAST_MATH = YES;
				ONLY_ACTIVE_ARCH = YES;
				SDKROOT = iphoneos;
				SWIFT_ACTIVE_COMPILATION_CONDITIONS = DEBUG;
				SWIFT_OPTIMIZATION_LEVEL = "-Onone";
			};
			name = Debug;
		};
		EC12581C28BA2997007F3A93 /* Release */ = {
			isa = XCBuildConfiguration;
			buildSettings = {
				ALWAYS_SEARCH_USER_PATHS = NO;
				CLANG_ANALYZER_NONNULL = YES;
				CLANG_ANALYZER_NUMBER_OBJECT_CONVERSION = YES_AGGRESSIVE;
				CLANG_CXX_LANGUAGE_STANDARD = "gnu++17";
				CLANG_ENABLE_MODULES = YES;
				CLANG_ENABLE_OBJC_ARC = YES;
				CLANG_ENABLE_OBJC_WEAK = YES;
				CLANG_WARN_BLOCK_CAPTURE_AUTORELEASING = YES;
				CLANG_WARN_BOOL_CONVERSION = YES;
				CLANG_WARN_COMMA = YES;
				CLANG_WARN_CONSTANT_CONVERSION = YES;
				CLANG_WARN_DEPRECATED_OBJC_IMPLEMENTATIONS = YES;
				CLANG_WARN_DIRECT_OBJC_ISA_USAGE = YES_ERROR;
				CLANG_WARN_DOCUMENTATION_COMMENTS = YES;
				CLANG_WARN_EMPTY_BODY = YES;
				CLANG_WARN_ENUM_CONVERSION = YES;
				CLANG_WARN_INFINITE_RECURSION = YES;
				CLANG_WARN_INT_CONVERSION = YES;
				CLANG_WARN_NON_LITERAL_NULL_CONVERSION = YES;
				CLANG_WARN_OBJC_IMPLICIT_RETAIN_SELF = YES;
				CLANG_WARN_OBJC_LITERAL_CONVERSION = YES;
				CLANG_WARN_OBJC_ROOT_CLASS = YES_ERROR;
				CLANG_WARN_QUOTED_INCLUDE_IN_FRAMEWORK_HEADER = YES;
				CLANG_WARN_RANGE_LOOP_ANALYSIS = YES;
				CLANG_WARN_STRICT_PROTOTYPES = YES;
				CLANG_WARN_SUSPICIOUS_MOVE = YES;
				CLANG_WARN_UNGUARDED_AVAILABILITY = YES_AGGRESSIVE;
				CLANG_WARN_UNREACHABLE_CODE = YES;
				CLANG_WARN__DUPLICATE_METHOD_MATCH = YES;
				COPY_PHASE_STRIP = NO;
				DEBUG_INFORMATION_FORMAT = "dwarf-with-dsym";
				ENABLE_NS_ASSERTIONS = NO;
				ENABLE_STRICT_OBJC_MSGSEND = YES;
				GCC_C_LANGUAGE_STANDARD = gnu11;
				GCC_NO_COMMON_BLOCKS = YES;
				GCC_WARN_64_TO_32_BIT_CONVERSION = YES;
				GCC_WARN_ABOUT_RETURN_TYPE = YES_ERROR;
				GCC_WARN_UNDECLARED_SELECTOR = YES;
				GCC_WARN_UNINITIALIZED_AUTOS = YES_AGGRESSIVE;
				GCC_WARN_UNUSED_FUNCTION = YES;
				GCC_WARN_UNUSED_VARIABLE = YES;
				IPHONEOS_DEPLOYMENT_TARGET = 15.5;
				MTL_ENABLE_DEBUG_INFO = NO;
				MTL_FAST_MATH = YES;
				SDKROOT = iphoneos;
				SWIFT_COMPILATION_MODE = wholemodule;
				SWIFT_OPTIMIZATION_LEVEL = "-O";
				VALIDATE_PRODUCT = YES;
			};
			name = Release;
		};
		EC12581E28BA2997007F3A93 /* Debug */ = {
			isa = XCBuildConfiguration;
			baseConfigurationReference = 21C3FC5B0E5482DF8CC3F13C /* Pods-tryLottie.debug.xcconfig */;
			buildSettings = {
				ASSETCATALOG_COMPILER_APPICON_NAME = AppIcon;
				ASSETCATALOG_COMPILER_GLOBAL_ACCENT_COLOR_NAME = AccentColor;
				CODE_SIGN_STYLE = Automatic;
				CURRENT_PROJECT_VERSION = 1;
				DEVELOPMENT_TEAM = 2VG4ZY7KN4;
				GENERATE_INFOPLIST_FILE = YES;
				INFOPLIST_FILE = tryLottie/Info.plist;
				INFOPLIST_KEY_UIApplicationSupportsIndirectInputEvents = YES;
				INFOPLIST_KEY_UILaunchStoryboardName = LaunchScreen;
				INFOPLIST_KEY_UIMainStoryboardFile = Main;
				INFOPLIST_KEY_UISupportedInterfaceOrientations_iPad = "UIInterfaceOrientationPortrait UIInterfaceOrientationPortraitUpsideDown UIInterfaceOrientationLandscapeLeft UIInterfaceOrientationLandscapeRight";
				INFOPLIST_KEY_UISupportedInterfaceOrientations_iPhone = "UIInterfaceOrientationPortrait UIInterfaceOrientationLandscapeLeft UIInterfaceOrientationLandscapeRight";
				LD_RUNPATH_SEARCH_PATHS = (
					"$(inherited)",
					"@executable_path/Frameworks",
				);
				MARKETING_VERSION = 1.0;
				PRODUCT_BUNDLE_IDENTIFIER = vadimS.tryLottie;
				PRODUCT_NAME = "$(TARGET_NAME)";
				SWIFT_EMIT_LOC_STRINGS = YES;
				SWIFT_VERSION = 5.0;
				TARGETED_DEVICE_FAMILY = "1,2";
			};
			name = Debug;
		};
		EC12581F28BA2997007F3A93 /* Release */ = {
			isa = XCBuildConfiguration;
			baseConfigurationReference = F7DAD80FC669FE93E87A7196 /* Pods-tryLottie.release.xcconfig */;
			buildSettings = {
				ASSETCATALOG_COMPILER_APPICON_NAME = AppIcon;
				ASSETCATALOG_COMPILER_GLOBAL_ACCENT_COLOR_NAME = AccentColor;
				CODE_SIGN_STYLE = Automatic;
				CURRENT_PROJECT_VERSION = 1;
				DEVELOPMENT_TEAM = 2VG4ZY7KN4;
				GENERATE_INFOPLIST_FILE = YES;
				INFOPLIST_FILE = tryLottie/Info.plist;
				INFOPLIST_KEY_UIApplicationSupportsIndirectInputEvents = YES;
				INFOPLIST_KEY_UILaunchStoryboardName = LaunchScreen;
				INFOPLIST_KEY_UIMainStoryboardFile = Main;
				INFOPLIST_KEY_UISupportedInterfaceOrientations_iPad = "UIInterfaceOrientationPortrait UIInterfaceOrientationPortraitUpsideDown UIInterfaceOrientationLandscapeLeft UIInterfaceOrientationLandscapeRight";
				INFOPLIST_KEY_UISupportedInterfaceOrientations_iPhone = "UIInterfaceOrientationPortrait UIInterfaceOrientationLandscapeLeft UIInterfaceOrientationLandscapeRight";
				LD_RUNPATH_SEARCH_PATHS = (
					"$(inherited)",
					"@executable_path/Frameworks",
				);
				MARKETING_VERSION = 1.0;
				PRODUCT_BUNDLE_IDENTIFIER = vadimS.tryLottie;
				PRODUCT_NAME = "$(TARGET_NAME)";
				SWIFT_EMIT_LOC_STRINGS = YES;
				SWIFT_VERSION = 5.0;
				TARGETED_DEVICE_FAMILY = "1,2";
			};
			name = Release;
		};
/* End XCBuildConfiguration section */

/* Begin XCConfigurationList section */
		EC12580428BA2994007F3A93 /* Build configuration list for PBXProject "tryLottie" */ = {
			isa = XCConfigurationList;
			buildConfigurations = (
				EC12581B28BA2997007F3A93 /* Debug */,
				EC12581C28BA2997007F3A93 /* Release */,
			);
			defaultConfigurationIsVisible = 0;
			defaultConfigurationName = Release;
		};
		EC12581D28BA2997007F3A93 /* Build configuration list for PBXNativeTarget "tryLottie" */ = {
			isa = XCConfigurationList;
			buildConfigurations = (
				EC12581E28BA2997007F3A93 /* Debug */,
				EC12581F28BA2997007F3A93 /* Release */,
			);
			defaultConfigurationIsVisible = 0;
			defaultConfigurationName = Release;
		};
/* End XCConfigurationList section */
	};
	rootObject = EC12580128BA2994007F3A93 /* Project object */;
}
